// !$*UTF8*$!
{
	archiveVersion = 1;
	classes = {
	};
	objectVersion = 46;
	objects = {

/* Begin PBXBuildFile section */
		77A47D891B54B88B00E99326 /* Icon.png in Resources */ = {isa = PBXBuildFile; fileRef = 77A47D881B54B88B00E99326 /* Icon.png */; };
		77B34E4E1B492FFB00C8EE5A /* Main.swift in Sources */ = {isa = PBXBuildFile; fileRef = 77B34E4D1B492FFB00C8EE5A /* Main.swift */; };
		77B34E511B492FFB00C8EE5A /* Main.storyboard in Resources */ = {isa = PBXBuildFile; fileRef = 77B34E4F1B492FFB00C8EE5A /* Main.storyboard */; };
		77B34E531B492FFB00C8EE5A /* Images.xcassets in Resources */ = {isa = PBXBuildFile; fileRef = 77B34E521B492FFB00C8EE5A /* Images.xcassets */; };
		77B34E561B492FFB00C8EE5A /* LaunchScreen.xib in Resources */ = {isa = PBXBuildFile; fileRef = 77B34E541B492FFB00C8EE5A /* LaunchScreen.xib */; };
		77BD5C8E1B50DB4B001413F9 /* KYCircularProgress.swift in Sources */ = {isa = PBXBuildFile; fileRef = 77BD5C8D1B50DB4B001413F9 /* KYCircularProgress.swift */; };
		77F392EE1B506A1200BB40EC /* iAd.framework in Frameworks */ = {isa = PBXBuildFile; fileRef = 77F392ED1B506A1200BB40EC /* iAd.framework */; };
/* End PBXBuildFile section */

/* Begin PBXFileReference section */
		77A47D881B54B88B00E99326 /* Icon.png */ = {isa = PBXFileReference; lastKnownFileType = image.png; path = Icon.png; sourceTree = "<group>"; };
		77B34E461B492FFB00C8EE5A /* Drum 2.app */ = {isa = PBXFileReference; explicitFileType = wrapper.application; includeInIndex = 0; path = "Drum 2.app"; sourceTree = BUILT_PRODUCTS_DIR; };
		77B34E4A1B492FFB00C8EE5A /* Info.plist */ = {isa = PBXFileReference; lastKnownFileType = text.plist.xml; path = Info.plist; sourceTree = "<group>"; };
		77B34E4D1B492FFB00C8EE5A /* Main.swift */ = {isa = PBXFileReference; lastKnownFileType = sourcecode.swift; path = Main.swift; sourceTree = "<group>"; };
		77B34E501B492FFB00C8EE5A /* Base */ = {isa = PBXFileReference; lastKnownFileType = file.storyboard; name = Base; path = Base.lproj/Main.storyboard; sourceTree = "<group>"; };
		77B34E521B492FFB00C8EE5A /* Images.xcassets */ = {isa = PBXFileReference; lastKnownFileType = folder.assetcatalog; path = Images.xcassets; sourceTree = "<group>"; };
		77B34E551B492FFB00C8EE5A /* Base */ = {isa = PBXFileReference; lastKnownFileType = file.xib; name = Base; path = Base.lproj/LaunchScreen.xib; sourceTree = "<group>"; };
		77BD5C8D1B50DB4B001413F9 /* KYCircularProgress.swift */ = {isa = PBXFileReference; fileEncoding = 4; lastKnownFileType = sourcecode.swift; path = KYCircularProgress.swift; sourceTree = "<group>"; };
		77F392ED1B506A1200BB40EC /* iAd.framework */ = {isa = PBXFileReference; lastKnownFileType = wrapper.framework; name = iAd.framework; path = System/Library/Frameworks/iAd.framework; sourceTree = SDKROOT; };
/* End PBXFileReference section */

/* Begin PBXFrameworksBuildPhase section */
		77B34E431B492FFB00C8EE5A /* Frameworks */ = {
			isa = PBXFrameworksBuildPhase;
			buildActionMask = 2147483647;
			files = (
				77F392EE1B506A1200BB40EC /* iAd.framework in Frameworks */,
			);
			runOnlyForDeploymentPostprocessing = 0;
		};
/* End PBXFrameworksBuildPhase section */

/* Begin PBXGroup section */
		77B34E3D1B492FFB00C8EE5A = {
			isa = PBXGroup;
			children = (
				77B34E481B492FFB00C8EE5A /* Drum 2 */,
				77B34E471B492FFB00C8EE5A /* Products */,
			);
			sourceTree = "<group>";
		};
		77B34E471B492FFB00C8EE5A /* Products */ = {
			isa = PBXGroup;
			children = (
				77B34E461B492FFB00C8EE5A /* Drum 2.app */,
			);
			name = Products;
			sourceTree = "<group>";
		};
		77B34E481B492FFB00C8EE5A /* Drum 2 */ = {
			isa = PBXGroup;
			children = (
				77B34E4D1B492FFB00C8EE5A /* Main.swift */,
				77B34E4F1B492FFB00C8EE5A /* Main.storyboard */,
				77B34E541B492FFB00C8EE5A /* LaunchScreen.xib */,
				77B34E521B492FFB00C8EE5A /* Images.xcassets */,
				77B34E4A1B492FFB00C8EE5A /* Info.plist */,
				77BD5C8D1B50DB4B001413F9 /* KYCircularProgress.swift */,
				77A47D881B54B88B00E99326 /* Icon.png */,
				77F392ED1B506A1200BB40EC /* iAd.framework */,
			);
			path = "Drum 2";
			sourceTree = "<group>";
		};
/* End PBXGroup section */

/* Begin PBXNativeTarget section */
		77B34E451B492FFB00C8EE5A /* Drum 2 */ = {
			isa = PBXNativeTarget;
			buildConfigurationList = 77B34E651B492FFB00C8EE5A /* Build configuration list for PBXNativeTarget "Drum 2" */;
			buildPhases = (
				77B34E421B492FFB00C8EE5A /* Sources */,
				77B34E431B492FFB00C8EE5A /* Frameworks */,
				77B34E441B492FFB00C8EE5A /* Resources */,
			);
			buildRules = (
			);
			dependencies = (
			);
			name = "Drum 2";
			productName = "Drum 2";
			productReference = 77B34E461B492FFB00C8EE5A /* Drum 2.app */;
			productType = "com.apple.product-type.application";
		};
/* End PBXNativeTarget section */

/* Begin PBXProject section */
		77B34E3E1B492FFB00C8EE5A /* Project object */ = {
			isa = PBXProject;
			attributes = {
				LastSwiftUpdateCheck = 0700;
				LastUpgradeCheck = 0700;
				ORGANIZATIONNAME = "Charles Fries";
				TargetAttributes = {
					77B34E451B492FFB00C8EE5A = {
						CreatedOnToolsVersion = 6.4;
						DevelopmentTeam = WZ75J5C8H2;
					};
				};
			};
			buildConfigurationList = 77B34E411B492FFB00C8EE5A /* Build configuration list for PBXProject "Drum 2" */;
			compatibilityVersion = "Xcode 3.2";
			developmentRegion = English;
			hasScannedForEncodings = 0;
			knownRegions = (
				en,
				Base,
			);
			mainGroup = 77B34E3D1B492FFB00C8EE5A;
			productRefGroup = 77B34E471B492FFB00C8EE5A /* Products */;
			projectDirPath = "";
			projectRoot = "";
			targets = (
				77B34E451B492FFB00C8EE5A /* Drum 2 */,
			);
		};
/* End PBXProject section */

/* Begin PBXResourcesBuildPhase section */
		77B34E441B492FFB00C8EE5A /* Resources */ = {
			isa = PBXResourcesBuildPhase;
			buildActionMask = 2147483647;
			files = (
				77B34E511B492FFB00C8EE5A /* Main.storyboard in Resources */,
				77B34E561B492FFB00C8EE5A /* LaunchScreen.xib in Resources */,
				77A47D891B54B88B00E99326 /* Icon.png in Resources */,
				77B34E531B492FFB00C8EE5A /* Images.xcassets in Resources */,
			);
			runOnlyForDeploymentPostprocessing = 0;
		};
/* End PBXResourcesBuildPhase section */

/* Begin PBXSourcesBuildPhase section */
		77B34E421B492FFB00C8EE5A /* Sources */ = {
			isa = PBXSourcesBuildPhase;
			buildActionMask = 2147483647;
			files = (
				77B34E4E1B492FFB00C8EE5A /* Main.swift in Sources */,
				77BD5C8E1B50DB4B001413F9 /* KYCircularProgress.swift in Sources */,
			);
			runOnlyForDeploymentPostprocessing = 0;
		};
/* End PBXSourcesBuildPhase section */

/* Begin PBXVariantGroup section */
		77B34E4F1B492FFB00C8EE5A /* Main.storyboard */ = {
			isa = PBXVariantGroup;
			children = (
				77B34E501B492FFB00C8EE5A /* Base */,
			);
			name = Main.storyboard;
			sourceTree = "<group>";
		};
		77B34E541B492FFB00C8EE5A /* LaunchScreen.xib */ = {
			isa = PBXVariantGroup;
			children = (
				77B34E551B492FFB00C8EE5A /* Base */,
			);
			name = LaunchScreen.xib;
			sourceTree = "<group>";
		};
/* End PBXVariantGroup section */

/* Begin XCBuildConfiguration section */
		77B34E631B492FFB00C8EE5A /* Debug */ = {
			isa = XCBuildConfiguration;
			buildSettings = {
				ALWAYS_SEARCH_USER_PATHS = NO;
				CLANG_CXX_LANGUAGE_STANDARD = "gnu++0x";
				CLANG_CXX_LIBRARY = "libc++";
				CLANG_ENABLE_MODULES = YES;
				CLANG_ENABLE_OBJC_ARC = YES;
				CLANG_WARN_BOOL_CONVERSION = YES;
				CLANG_WARN_CONSTANT_CONVERSION = YES;
				CLANG_WARN_DIRECT_OBJC_ISA_USAGE = YES_ERROR;
				CLANG_WARN_EMPTY_BODY = YES;
				CLANG_WARN_ENUM_CONVERSION = YES;
				CLANG_WARN_INT_CONVERSION = YES;
				CLANG_WARN_OBJC_ROOT_CLASS = YES_ERROR;
				CLANG_WARN_UNREACHABLE_CODE = YES;
				CLANG_WARN__DUPLICATE_METHOD_MATCH = YES;
				"CODE_SIGN_IDENTITY[sdk=iphoneos*]" = "iPhone Developer";
				COPY_PHASE_STRIP = NO;
				DEBUG_INFORMATION_FORMAT = "dwarf-with-dsym";
				ENABLE_STRICT_OBJC_MSGSEND = YES;
				ENABLE_TESTABILITY = YES;
				GCC_C_LANGUAGE_STANDARD = gnu99;
				GCC_DYNAMIC_NO_PIC = NO;
				GCC_NO_COMMON_BLOCKS = YES;
				GCC_OPTIMIZATION_LEVEL = 0;
				GCC_PREPROCESSOR_DEFINITIONS = (
					"DEBUG=1",
					"$(inherited)",
				);
				GCC_SYMBOLS_PRIVATE_EXTERN = NO;
				GCC_WARN_64_TO_32_BIT_CONVERSION = YES;
				GCC_WARN_ABOUT_RETURN_TYPE = YES_ERROR;
				GCC_WARN_UNDECLARED_SELECTOR = YES;
				GCC_WARN_UNINITIALIZED_AUTOS = YES_AGGRESSIVE;
				GCC_WARN_UNUSED_FUNCTION = YES;
				GCC_WARN_UNUSED_VARIABLE = YES;
				IPHONEOS_DEPLOYMENT_TARGET = 8.4;
				MTL_ENABLE_DEBUG_INFO = YES;
				ONLY_ACTIVE_ARCH = YES;
				SDKROOT = iphoneos;
				SWIFT_OPTIMIZATION_LEVEL = "-Onone";
			};
			name = Debug;
		};
		77B34E641B492FFB00C8EE5A /* Release */ = {
			isa = XCBuildConfiguration;
			buildSettings = {
				ALWAYS_SEARCH_USER_PATHS = NO;
				CLANG_CXX_LANGUAGE_STANDARD = "gnu++0x";
				CLANG_CXX_LIBRARY = "libc++";
				CLANG_ENABLE_MODULES = YES;
				CLANG_ENABLE_OBJC_ARC = YES;
				CLANG_WARN_BOOL_CONVERSION = YES;
				CLANG_WARN_CONSTANT_CONVERSION = YES;
				CLANG_WARN_DIRECT_OBJC_ISA_USAGE = YES_ERROR;
				CLANG_WARN_EMPTY_BODY = YES;
				CLANG_WARN_ENUM_CONVERSION = YES;
				CLANG_WARN_INT_CONVERSION = YES;
				CLANG_WARN_OBJC_ROOT_CLASS = YES_ERROR;
				CLANG_WARN_UNREACHABLE_CODE = YES;
				CLANG_WARN__DUPLICATE_METHOD_MATCH = YES;
				"CODE_SIGN_IDENTITY[sdk=iphoneos*]" = "iPhone Developer";
				COPY_PHASE_STRIP = NO;
				DEBUG_INFORMATION_FORMAT = "dwarf-with-dsym";
				ENABLE_NS_ASSERTIONS = NO;
				ENABLE_STRICT_OBJC_MSGSEND = YES;
				GCC_C_LANGUAGE_STANDARD = gnu99;
				GCC_NO_COMMON_BLOCKS = YES;
				GCC_WARN_64_TO_32_BIT_CONVERSION = YES;
				GCC_WARN_ABOUT_RETURN_TYPE = YES_ERROR;
				GCC_WARN_UNDECLARED_SELECTOR = YES;
				GCC_WARN_UNINITIALIZED_AUTOS = YES_AGGRESSIVE;
				GCC_WARN_UNUSED_FUNCTION = YES;
				GCC_WARN_UNUSED_VARIABLE = YES;
				IPHONEOS_DEPLOYMENT_TARGET = 8.4;
				MTL_ENABLE_DEBUG_INFO = NO;
				SDKROOT = iphoneos;
				VALIDATE_PRODUCT = YES;
			};
			name = Release;
		};
		77B34E661B492FFB00C8EE5A /* Debug */ = {
			isa = XCBuildConfiguration;
			buildSettings = {
				ASSETCATALOG_COMPILER_APPICON_NAME = AppIcon;
				CODE_SIGN_IDENTITY = "iPhone Developer";
				"CODE_SIGN_IDENTITY[sdk=iphoneos*]" = "iPhone Developer";
				INFOPLIST_FILE = "Drum 2/Info.plist";
				IPHONEOS_DEPLOYMENT_TARGET = 8.3;
				LD_RUNPATH_SEARCH_PATHS = "$(inherited) @executable_path/Frameworks";
				PRODUCT_BUNDLE_IDENTIFIER = "es.charlesfri.$(PRODUCT_NAME:rfc1034identifier)";
				PRODUCT_NAME = "$(TARGET_NAME)";
				PROVISIONING_PROFILE = "";
				TARGETED_DEVICE_FAMILY = "1,2";
			};
			name = Debug;
		};
		77B34E671B492FFB00C8EE5A /* Release */ = {
			isa = XCBuildConfiguration;
			buildSettings = {
				ASSETCATALOG_COMPILER_APPICON_NAME = AppIcon;
				CODE_SIGN_IDENTITY = "iPhone Developer";
				"CODE_SIGN_IDENTITY[sdk=iphoneos*]" = "iPhone Developer";
				INFOPLIST_FILE = "Drum 2/Info.plist";
				IPHONEOS_DEPLOYMENT_TARGET = 8.3;
				LD_RUNPATH_SEARCH_PATHS = "$(inherited) @executable_path/Frameworks";
				PRODUCT_BUNDLE_IDENTIFIER = "es.charlesfri.$(PRODUCT_NAME:rfc1034identifier)";
				PRODUCT_NAME = "$(TARGET_NAME)";
				PROVISIONING_PROFILE = "";
				TARGETED_DEVICE_FAMILY = "1,2";
			};
			name = Release;
		};
/* End XCBuildConfiguration section */

/* Begin XCConfigurationList section */
		77B34E411B492FFB00C8EE5A /* Build configuration list for PBXProject "Drum 2" */ = {
			isa = XCConfigurationList;
			buildConfigurations = (
				77B34E631B492FFB00C8EE5A /* Debug */,
				77B34E641B492FFB00C8EE5A /* Release */,
			);
			defaultConfigurationIsVisible = 0;
			defaultConfigurationName = Release;
		};
		77B34E651B492FFB00C8EE5A /* Build configuration list for PBXNativeTarget "Drum 2" */ = {
			isa = XCConfigurationList;
			buildConfigurations = (
				77B34E661B492FFB00C8EE5A /* Debug */,
				77B34E671B492FFB00C8EE5A /* Release */,
			);
			defaultConfigurationIsVisible = 0;
			defaultConfigurationName = Release;
		};
/* End XCConfigurationList section */
	};
	rootObject = 77B34E3E1B492FFB00C8EE5A /* Project object */;
}
